{
  "name": "evennumberornot",
  "version": "1.0.1",
  "lockfileVersion": 2,
  "requires": true,
  "packages": {
    "": {
      "name": "evennumberornot",
      "version": "1.0.1",
      "license": "ISC",
      "dependencies": {
        "evennumberornot": "^1.0.1"
      }
    },
    "node_modules/evennumberornot": {
      "version": "1.0.1",
      "resolved": "https://registry.npmjs.org/evennumberornot/-/evennumberornot-1.0.1.tgz",
      "integrity": "sha512-w7Hk9N/94AghZIS5BKi0v+W/sYEsUuk3456qycxtt9VTv7G2dc7lItHdBQaCR29s8NBV23mPlcXNmQPcBvGxqw==",
      "license": "ISC"
    }
  },
  "dependencies": {
    "evennumberornot": {
      "version": "1.0.1",
      "resolved": "https://registry.npmjs.org/evennumberornot/-/evennumberornot-1.0.1.tgz",
      "integrity": "sha512-w7Hk9N/94AghZIS5BKi0v+W/sYEsUuk3456qycxtt9VTv7G2dc7lItHdBQaCR29s8NBV23mPlcXNmQPcBvGxqw=="
    }
  }
}
